
Microsoft Visual Studio Solution File, Format Version 12.00
# Visual Studio Version 17
VisualStudioVersion = 17.0.31903.59
MinimumVisualStudioVersion = 10.0.40219.1
Project("{2150E333-8FDC-42A3-9474-1A3956D46DE8}") = "src", "src", "{827E0CD3-B72D-47B6-A68D-7590B98EB39B}"
EndProject
Project("{FAE04EC0-301F-11D3-BF4B-00C04F79EFBC}") = "ScriptTanks.Core", "src\ScriptTanks.Core\ScriptTanks.Core.csproj", "{C98C0F89-27B1-4E3F-866A-BE6EB05C3B8F}"
EndProject
Project("{2150E333-8FDC-42A3-9474-1A3956D46DE8}") = "tests", "tests", "{0AB3BF05-4346-4AA6-1389-037BE0695223}"
EndProject
Project("{FAE04EC0-301F-11D3-BF4B-00C04F79EFBC}") = "ScriptTanks.Core.Tests", "tests\ScriptTanks.Core.Tests\ScriptTanks.Core.Tests.csproj", "{EF82F9D9-FC1B-4FC3-B4C3-026458B5C2A9}"
EndProject
Global
	GlobalSection(SolutionConfigurationPlatforms) = preSolution
		Debug|Any CPU = Debug|Any CPU
		Debug|x64 = Debug|x64
		Debug|x86 = Debug|x86
		Release|Any CPU = Release|Any CPU
		Release|x64 = Release|x64
		Release|x86 = Release|x86
	EndGlobalSection
	GlobalSection(ProjectConfigurationPlatforms) = postSolution
		{C98C0F89-27B1-4E3F-866A-BE6EB05C3B8F}.Debug|Any CPU.ActiveCfg = Debug|Any CPU
		{C98C0F89-27B1-4E3F-866A-BE6EB05C3B8F}.Debug|Any CPU.Build.0 = Debug|Any CPU
		{C98C0F89-27B1-4E3F-866A-BE6EB05C3B8F}.Debug|x64.ActiveCfg = Debug|Any CPU
		{C98C0F89-27B1-4E3F-866A-BE6EB05C3B8F}.Debug|x64.Build.0 = Debug|Any CPU
		{C98C0F89-27B1-4E3F-866A-BE6EB05C3B8F}.Debug|x86.ActiveCfg = Debug|Any CPU
		{C98C0F89-27B1-4E3F-866A-BE6EB05C3B8F}.Debug|x86.Build.0 = Debug|Any CPU
		{C98C0F89-27B1-4E3F-866A-BE6EB05C3B8F}.Release|Any CPU.ActiveCfg = Release|Any CPU
		{C98C0F89-27B1-4E3F-866A-BE6EB05C3B8F}.Release|Any CPU.Build.0 = Release|Any CPU
		{C98C0F89-27B1-4E3F-866A-BE6EB05C3B8F}.Release|x64.ActiveCfg = Release|Any CPU
		{C98C0F89-27B1-4E3F-866A-BE6EB05C3B8F}.Release|x64.Build.0 = Release|Any CPU
		{C98C0F89-27B1-4E3F-866A-BE6EB05C3B8F}.Release|x86.ActiveCfg = Release|Any CPU
		{C98C0F89-27B1-4E3F-866A-BE6EB05C3B8F}.Release|x86.Build.0 = Release|Any CPU
		{EF82F9D9-FC1B-4FC3-B4C3-026458B5C2A9}.Debug|Any CPU.ActiveCfg = Debug|Any CPU
		{EF82F9D9-FC1B-4FC3-B4C3-026458B5C2A9}.Debug|Any CPU.Build.0 = Debug|Any CPU
		{EF82F9D9-FC1B-4FC3-B4C3-026458B5C2A9}.Debug|x64.ActiveCfg = Debug|Any CPU
		{EF82F9D9-FC1B-4FC3-B4C3-026458B5C2A9}.Debug|x64.Build.0 = Debug|Any CPU
		{EF82F9D9-FC1B-4FC3-B4C3-026458B5C2A9}.Debug|x86.ActiveCfg = Debug|Any CPU
		{EF82F9D9-FC1B-4FC3-B4C3-026458B5C2A9}.Debug|x86.Build.0 = Debug|Any CPU
		{EF82F9D9-FC1B-4FC3-B4C3-026458B5C2A9}.Release|Any CPU.ActiveCfg = Release|Any CPU
		{EF82F9D9-FC1B-4FC3-B4C3-026458B5C2A9}.Release|Any CPU.Build.0 = Release|Any CPU
		{EF82F9D9-FC1B-4FC3-B4C3-026458B5C2A9}.Release|x64.ActiveCfg = Release|Any CPU
		{EF82F9D9-FC1B-4FC3-B4C3-026458B5C2A9}.Release|x64.Build.0 = Release|Any CPU
		{EF82F9D9-FC1B-4FC3-B4C3-026458B5C2A9}.Release|x86.ActiveCfg = Release|Any CPU
		{EF82F9D9-FC1B-4FC3-B4C3-026458B5C2A9}.Release|x86.Build.0 = Release|Any CPU
	EndGlobalSection
	GlobalSection(SolutionProperties) = preSolution
		HideSolutionNode = FALSE
	EndGlobalSection
	GlobalSection(NestedProjects) = preSolution
		{C98C0F89-27B1-4E3F-866A-BE6EB05C3B8F} = {827E0CD3-B72D-47B6-A68D-7590B98EB39B}
		{EF82F9D9-FC1B-4FC3-B4C3-026458B5C2A9} = {0AB3BF05-4346-4AA6-1389-037BE0695223}
	EndGlobalSection
EndGlobal
